
Microsoft Visual Studio Solution File, Format Version 12.00
# Visual Studio Version 17
VisualStudioVersion = 17.4.33213.308
MinimumVisualStudioVersion = 10.0.40219.1
Project("{FAE04EC0-301F-11D3-BF4B-00C04F79EFBC}") = "FileManager", "FileManager\FileManager.csproj", "{7188FA62-FF5F-4A28-A809-25F0C9745790}"
EndProject
Project("{FAE04EC0-301F-11D3-BF4B-00C04F79EFBC}") = "FileManager.Models", "FileManager.Models\FileManager.Models.csproj", "{4AF78F5C-DC57-4DF2-8F5E-2DD1F502F0FC}"
EndProject
Project("{FAE04EC0-301F-11D3-BF4B-00C04F79EFBC}") = "FileManager.ViewModels", "FileManager.ViewModels\FileManager.ViewModels.csproj", "{436C4AAA-3C52-4FD7-B6FD-80867A5BE91A}"
EndProject
Project("{FAE04EC0-301F-11D3-BF4B-00C04F79EFBC}") = "FileManager.Helpers", "FileManager.Helpers\FileManager.Helpers.csproj", "{73F81792-C4C2-4EC2-8805-C6D19972BC3C}"
EndProject
Project("{FAE04EC0-301F-11D3-BF4B-00C04F79EFBC}") = "FileManager.Services", "FileManager.Services\FileManager.Services.csproj", "{ACB3BC1E-C7F9-4EBF-A28B-F29D69E95942}"
EndProject
Project("{FAE04EC0-301F-11D3-BF4B-00C04F79EFBC}") = "FileManager.Resources", "FileManager.Resources\FileManager.Resources.csproj", "{C95884B8-29AC-43CC-9764-1982075C2F45}"
EndProject
Project("{FAE04EC0-301F-11D3-BF4B-00C04F79EFBC}") = "FileManager.Dependencies", "FileManager.Dependencies\FileManager.Dependencies.csproj", "{AEF42671-CCBA-4303-A8DA-1C062D1D7409}"
EndProject
Global
	GlobalSection(SolutionConfigurationPlatforms) = preSolution
		Debug|Any CPU = Debug|Any CPU
		Debug|ARM = Debug|ARM
		Debug|ARM64 = Debug|ARM64
		Debug|x64 = Debug|x64
		Debug|x86 = Debug|x86
		Release|Any CPU = Release|Any CPU
		Release|ARM = Release|ARM
		Release|ARM64 = Release|ARM64
		Release|x64 = Release|x64
		Release|x86 = Release|x86
	EndGlobalSection
	GlobalSection(ProjectConfigurationPlatforms) = postSolution
		{7188FA62-FF5F-4A28-A809-25F0C9745790}.Debug|Any CPU.ActiveCfg = Debug|x64
		{7188FA62-FF5F-4A28-A809-25F0C9745790}.Debug|Any CPU.Build.0 = Debug|x64
		{7188FA62-FF5F-4A28-A809-25F0C9745790}.Debug|Any CPU.Deploy.0 = Debug|x64
		{7188FA62-FF5F-4A28-A809-25F0C9745790}.Debug|ARM.ActiveCfg = Debug|ARM
		{7188FA62-FF5F-4A28-A809-25F0C9745790}.Debug|ARM.Build.0 = Debug|ARM
		{7188FA62-FF5F-4A28-A809-25F0C9745790}.Debug|ARM.Deploy.0 = Debug|ARM
		{7188FA62-FF5F-4A28-A809-25F0C9745790}.Debug|ARM64.ActiveCfg = Debug|ARM64
		{7188FA62-FF5F-4A28-A809-25F0C9745790}.Debug|ARM64.Build.0 = Debug|ARM64
		{7188FA62-FF5F-4A28-A809-25F0C9745790}.Debug|ARM64.Deploy.0 = Debug|ARM64
		{7188FA62-FF5F-4A28-A809-25F0C9745790}.Debug|x64.ActiveCfg = Debug|x64
		{7188FA62-FF5F-4A28-A809-25F0C9745790}.Debug|x64.Build.0 = Debug|x64
		{7188FA62-FF5F-4A28-A809-25F0C9745790}.Debug|x64.Deploy.0 = Debug|x64
		{7188FA62-FF5F-4A28-A809-25F0C9745790}.Debug|x86.ActiveCfg = Debug|x86
		{7188FA62-FF5F-4A28-A809-25F0C9745790}.Debug|x86.Build.0 = Debug|x86
		{7188FA62-FF5F-4A28-A809-25F0C9745790}.Debug|x86.Deploy.0 = Debug|x86
		{7188FA62-FF5F-4A28-A809-25F0C9745790}.Release|Any CPU.ActiveCfg = Release|x64
		{7188FA62-FF5F-4A28-A809-25F0C9745790}.Release|Any CPU.Build.0 = Release|x64
		{7188FA62-FF5F-4A28-A809-25F0C9745790}.Release|Any CPU.Deploy.0 = Release|x64
		{7188FA62-FF5F-4A28-A809-25F0C9745790}.Release|ARM.ActiveCfg = Release|ARM
		{7188FA62-FF5F-4A28-A809-25F0C9745790}.Release|ARM.Build.0 = Release|ARM
		{7188FA62-FF5F-4A28-A809-25F0C9745790}.Release|ARM.Deploy.0 = Release|ARM
		{7188FA62-FF5F-4A28-A809-25F0C9745790}.Release|ARM64.ActiveCfg = Release|ARM64
		{7188FA62-FF5F-4A28-A809-25F0C9745790}.Release|ARM64.Build.0 = Release|ARM64
		{7188FA62-FF5F-4A28-A809-25F0C9745790}.Release|ARM64.Deploy.0 = Release|ARM64
		{7188FA62-FF5F-4A28-A809-25F0C9745790}.Release|x64.ActiveCfg = Release|x64
		{7188FA62-FF5F-4A28-A809-25F0C9745790}.Release|x64.Build.0 = Release|x64
		{7188FA62-FF5F-4A28-A809-25F0C9745790}.Release|x64.Deploy.0 = Release|x64
		{7188FA62-FF5F-4A28-A809-25F0C9745790}.Release|x86.ActiveCfg = Release|x86
		{7188FA62-FF5F-4A28-A809-25F0C9745790}.Release|x86.Build.0 = Release|x86
		{7188FA62-FF5F-4A28-A809-25F0C9745790}.Release|x86.Deploy.0 = Release|x86
		{4AF78F5C-DC57-4DF2-8F5E-2DD1F502F0FC}.Debug|Any CPU.ActiveCfg = Debug|Any CPU
		{4AF78F5C-DC57-4DF2-8F5E-2DD1F502F0FC}.Debug|Any CPU.Build.0 = Debug|Any CPU
		{4AF78F5C-DC57-4DF2-8F5E-2DD1F502F0FC}.Debug|ARM.ActiveCfg = Debug|ARM
		{4AF78F5C-DC57-4DF2-8F5E-2DD1F502F0FC}.Debug|ARM.Build.0 = Debug|ARM
		{4AF78F5C-DC57-4DF2-8F5E-2DD1F502F0FC}.Debug|ARM64.ActiveCfg = Debug|ARM64
		{4AF78F5C-DC57-4DF2-8F5E-2DD1F502F0FC}.Debug|ARM64.Build.0 = Debug|ARM64
		{4AF78F5C-DC57-4DF2-8F5E-2DD1F502F0FC}.Debug|x64.ActiveCfg = Debug|x64
		{4AF78F5C-DC57-4DF2-8F5E-2DD1F502F0FC}.Debug|x64.Build.0 = Debug|x64
		{4AF78F5C-DC57-4DF2-8F5E-2DD1F502F0FC}.Debug|x86.ActiveCfg = Debug|x86
		{4AF78F5C-DC57-4DF2-8F5E-2DD1F502F0FC}.Debug|x86.Build.0 = Debug|x86
		{4AF78F5C-DC57-4DF2-8F5E-2DD1F502F0FC}.Release|Any CPU.ActiveCfg = Release|Any CPU
		{4AF78F5C-DC57-4DF2-8F5E-2DD1F502F0FC}.Release|Any CPU.Build.0 = Release|Any CPU
		{4AF78F5C-DC57-4DF2-8F5E-2DD1F502F0FC}.Release|ARM.ActiveCfg = Release|ARM
		{4AF78F5C-DC57-4DF2-8F5E-2DD1F502F0FC}.Release|ARM.Build.0 = Release|ARM
		{4AF78F5C-DC57-4DF2-8F5E-2DD1F502F0FC}.Release|ARM64.ActiveCfg = Release|ARM64
		{4AF78F5C-DC57-4DF2-8F5E-2DD1F502F0FC}.Release|ARM64.Build.0 = Release|ARM64
		{4AF78F5C-DC57-4DF2-8F5E-2DD1F502F0FC}.Release|x64.ActiveCfg = Release|x64
		{4AF78F5C-DC57-4DF2-8F5E-2DD1F502F0FC}.Release|x64.Build.0 = Release|x64
		{4AF78F5C-DC57-4DF2-8F5E-2DD1F502F0FC}.Release|x86.ActiveCfg = Release|x86
		{4AF78F5C-DC57-4DF2-8F5E-2DD1F502F0FC}.Release|x86.Build.0 = Release|x86
		{436C4AAA-3C52-4FD7-B6FD-80867A5BE91A}.Debug|Any CPU.ActiveCfg = Debug|Any CPU
		{436C4AAA-3C52-4FD7-B6FD-80867A5BE91A}.Debug|Any CPU.Build.0 = Debug|Any CPU
		{436C4AAA-3C52-4FD7-B6FD-80867A5BE91A}.Debug|ARM.ActiveCfg = Debug|ARM
		{436C4AAA-3C52-4FD7-B6FD-80867A5BE91A}.Debug|ARM.Build.0 = Debug|ARM
		{436C4AAA-3C52-4FD7-B6FD-80867A5BE91A}.Debug|ARM64.ActiveCfg = Debug|ARM64
		{436C4AAA-3C52-4FD7-B6FD-80867A5BE91A}.Debug|ARM64.Build.0 = Debug|ARM64
		{436C4AAA-3C52-4FD7-B6FD-80867A5BE91A}.Debug|x64.ActiveCfg = Debug|x64
		{436C4AAA-3C52-4FD7-B6FD-80867A5BE91A}.Debug|x64.Build.0 = Debug|x64
		{436C4AAA-3C52-4FD7-B6FD-80867A5BE91A}.Debug|x86.ActiveCfg = Debug|x86
		{436C4AAA-3C52-4FD7-B6FD-80867A5BE91A}.Debug|x86.Build.0 = Debug|x86
		{436C4AAA-3C52-4FD7-B6FD-80867A5BE91A}.Release|Any CPU.ActiveCfg = Release|Any CPU
		{436C4AAA-3C52-4FD7-B6FD-80867A5BE91A}.Release|Any CPU.Build.0 = Release|Any CPU
		{436C4AAA-3C52-4FD7-B6FD-80867A5BE91A}.Release|ARM.ActiveCfg = Release|ARM
		{436C4AAA-3C52-4FD7-B6FD-80867A5BE91A}.Release|ARM.Build.0 = Release|ARM
		{436C4AAA-3C52-4FD7-B6FD-80867A5BE91A}.Release|ARM64.ActiveCfg = Release|ARM64
		{436C4AAA-3C52-4FD7-B6FD-80867A5BE91A}.Release|ARM64.Build.0 = Release|ARM64
		{436C4AAA-3C52-4FD7-B6FD-80867A5BE91A}.Release|x64.ActiveCfg = Release|x64
		{436C4AAA-3C52-4FD7-B6FD-80867A5BE91A}.Release|x64.Build.0 = Release|x64
		{436C4AAA-3C52-4FD7-B6FD-80867A5BE91A}.Release|x86.ActiveCfg = Release|x86
		{436C4AAA-3C52-4FD7-B6FD-80867A5BE91A}.Release|x86.Build.0 = Release|x86
		{73F81792-C4C2-4EC2-8805-C6D19972BC3C}.Debug|Any CPU.ActiveCfg = Debug|Any CPU
		{73F81792-C4C2-4EC2-8805-C6D19972BC3C}.Debug|Any CPU.Build.0 = Debug|Any CPU
		{73F81792-C4C2-4EC2-8805-C6D19972BC3C}.Debug|ARM.ActiveCfg = Debug|ARM
		{73F81792-C4C2-4EC2-8805-C6D19972BC3C}.Debug|ARM.Build.0 = Debug|ARM
		{73F81792-C4C2-4EC2-8805-C6D19972BC3C}.Debug|ARM64.ActiveCfg = Debug|ARM64
		{73F81792-C4C2-4EC2-8805-C6D19972BC3C}.Debug|ARM64.Build.0 = Debug|ARM64
		{73F81792-C4C2-4EC2-8805-C6D19972BC3C}.Debug|x64.ActiveCfg = Debug|x64
		{73F81792-C4C2-4EC2-8805-C6D19972BC3C}.Debug|x64.Build.0 = Debug|x64
		{73F81792-C4C2-4EC2-8805-C6D19972BC3C}.Debug|x86.ActiveCfg = Debug|x86
		{73F81792-C4C2-4EC2-8805-C6D19972BC3C}.Debug|x86.Build.0 = Debug|x86
		{73F81792-C4C2-4EC2-8805-C6D19972BC3C}.Release|Any CPU.ActiveCfg = Release|Any CPU
		{73F81792-C4C2-4EC2-8805-C6D19972BC3C}.Release|Any CPU.Build.0 = Release|Any CPU
		{73F81792-C4C2-4EC2-8805-C6D19972BC3C}.Release|ARM.ActiveCfg = Release|ARM
		{73F81792-C4C2-4EC2-8805-C6D19972BC3C}.Release|ARM.Build.0 = Release|ARM
		{73F81792-C4C2-4EC2-8805-C6D19972BC3C}.Release|ARM64.ActiveCfg = Release|ARM64
		{73F81792-C4C2-4EC2-8805-C6D19972BC3C}.Release|ARM64.Build.0 = Release|ARM64
		{73F81792-C4C2-4EC2-8805-C6D19972BC3C}.Release|x64.ActiveCfg = Release|x64
		{73F81792-C4C2-4EC2-8805-C6D19972BC3C}.Release|x64.Build.0 = Release|x64
		{73F81792-C4C2-4EC2-8805-C6D19972BC3C}.Release|x86.ActiveCfg = Release|x86
		{73F81792-C4C2-4EC2-8805-C6D19972BC3C}.Release|x86.Build.0 = Release|x86
		{ACB3BC1E-C7F9-4EBF-A28B-F29D69E95942}.Debug|Any CPU.ActiveCfg = Debug|Any CPU
		{ACB3BC1E-C7F9-4EBF-A28B-F29D69E95942}.Debug|Any CPU.Build.0 = Debug|Any CPU
		{ACB3BC1E-C7F9-4EBF-A28B-F29D69E95942}.Debug|ARM.ActiveCfg = Debug|ARM
		{ACB3BC1E-C7F9-4EBF-A28B-F29D69E95942}.Debug|ARM.Build.0 = Debug|ARM
		{ACB3BC1E-C7F9-4EBF-A28B-F29D69E95942}.Debug|ARM64.ActiveCfg = Debug|ARM64
		{ACB3BC1E-C7F9-4EBF-A28B-F29D69E95942}.Debug|ARM64.Build.0 = Debug|ARM64
		{ACB3BC1E-C7F9-4EBF-A28B-F29D69E95942}.Debug|x64.ActiveCfg = Debug|x64
		{ACB3BC1E-C7F9-4EBF-A28B-F29D69E95942}.Debug|x64.Build.0 = Debug|x64
		{ACB3BC1E-C7F9-4EBF-A28B-F29D69E95942}.Debug|x86.ActiveCfg = Debug|x86
		{ACB3BC1E-C7F9-4EBF-A28B-F29D69E95942}.Debug|x86.Build.0 = Debug|x86
		{ACB3BC1E-C7F9-4EBF-A28B-F29D69E95942}.Release|Any CPU.ActiveCfg = Release|Any CPU
		{ACB3BC1E-C7F9-4EBF-A28B-F29D69E95942}.Release|Any CPU.Build.0 = Release|Any CPU
		{ACB3BC1E-C7F9-4EBF-A28B-F29D69E95942}.Release|ARM.ActiveCfg = Release|ARM
		{ACB3BC1E-C7F9-4EBF-A28B-F29D69E95942}.Release|ARM.Build.0 = Release|ARM
		{ACB3BC1E-C7F9-4EBF-A28B-F29D69E95942}.Release|ARM64.ActiveCfg = Release|ARM64
		{ACB3BC1E-C7F9-4EBF-A28B-F29D69E95942}.Release|ARM64.Build.0 = Release|ARM64
		{ACB3BC1E-C7F9-4EBF-A28B-F29D69E95942}.Release|x64.ActiveCfg = Release|x64
		{ACB3BC1E-C7F9-4EBF-A28B-F29D69E95942}.Release|x64.Build.0 = Release|x64
		{ACB3BC1E-C7F9-4EBF-A28B-F29D69E95942}.Release|x86.ActiveCfg = Release|x86
		{ACB3BC1E-C7F9-4EBF-A28B-F29D69E95942}.Release|x86.Build.0 = Release|x86
		{C95884B8-29AC-43CC-9764-1982075C2F45}.Debug|Any CPU.ActiveCfg = Debug|Any CPU
		{C95884B8-29AC-43CC-9764-1982075C2F45}.Debug|Any CPU.Build.0 = Debug|Any CPU
		{C95884B8-29AC-43CC-9764-1982075C2F45}.Debug|ARM.ActiveCfg = Debug|ARM
		{C95884B8-29AC-43CC-9764-1982075C2F45}.Debug|ARM.Build.0 = Debug|ARM
		{C95884B8-29AC-43CC-9764-1982075C2F45}.Debug|ARM64.ActiveCfg = Debug|ARM64
		{C95884B8-29AC-43CC-9764-1982075C2F45}.Debug|ARM64.Build.0 = Debug|ARM64
		{C95884B8-29AC-43CC-9764-1982075C2F45}.Debug|x64.ActiveCfg = Debug|x64
		{C95884B8-29AC-43CC-9764-1982075C2F45}.Debug|x64.Build.0 = Debug|x64
		{C95884B8-29AC-43CC-9764-1982075C2F45}.Debug|x86.ActiveCfg = Debug|x86
		{C95884B8-29AC-43CC-9764-1982075C2F45}.Debug|x86.Build.0 = Debug|x86
		{C95884B8-29AC-43CC-9764-1982075C2F45}.Release|Any CPU.ActiveCfg = Release|Any CPU
		{C95884B8-29AC-43CC-9764-1982075C2F45}.Release|Any CPU.Build.0 = Release|Any CPU
		{C95884B8-29AC-43CC-9764-1982075C2F45}.Release|ARM.ActiveCfg = Release|ARM
		{C95884B8-29AC-43CC-9764-1982075C2F45}.Release|ARM.Build.0 = Release|ARM
		{C95884B8-29AC-43CC-9764-1982075C2F45}.Release|ARM64.ActiveCfg = Release|ARM64
		{C95884B8-29AC-43CC-9764-1982075C2F45}.Release|ARM64.Build.0 = Release|ARM64
		{C95884B8-29AC-43CC-9764-1982075C2F45}.Release|x64.ActiveCfg = Release|x64
		{C95884B8-29AC-43CC-9764-1982075C2F45}.Release|x64.Build.0 = Release|x64
		{C95884B8-29AC-43CC-9764-1982075C2F45}.Release|x86.ActiveCfg = Release|x86
		{C95884B8-29AC-43CC-9764-1982075C2F45}.Release|x86.Build.0 = Release|x86
		{AEF42671-CCBA-4303-A8DA-1C062D1D7409}.Debug|Any CPU.ActiveCfg = Debug|Any CPU
		{AEF42671-CCBA-4303-A8DA-1C062D1D7409}.Debug|Any CPU.Build.0 = Debug|Any CPU
		{AEF42671-CCBA-4303-A8DA-1C062D1D7409}.Debug|ARM.ActiveCfg = Debug|ARM
		{AEF42671-CCBA-4303-A8DA-1C062D1D7409}.Debug|ARM.Build.0 = Debug|ARM
		{AEF42671-CCBA-4303-A8DA-1C062D1D7409}.Debug|ARM64.ActiveCfg = Debug|ARM64
		{AEF42671-CCBA-4303-A8DA-1C062D1D7409}.Debug|ARM64.Build.0 = Debug|ARM64
		{AEF42671-CCBA-4303-A8DA-1C062D1D7409}.Debug|x64.ActiveCfg = Debug|x64
		{AEF42671-CCBA-4303-A8DA-1C062D1D7409}.Debug|x64.Build.0 = Debug|x64
		{AEF42671-CCBA-4303-A8DA-1C062D1D7409}.Debug|x86.ActiveCfg = Debug|x86
		{AEF42671-CCBA-4303-A8DA-1C062D1D7409}.Debug|x86.Build.0 = Debug|x86
		{AEF42671-CCBA-4303-A8DA-1C062D1D7409}.Release|Any CPU.ActiveCfg = Release|Any CPU
		{AEF42671-CCBA-4303-A8DA-1C062D1D7409}.Release|Any CPU.Build.0 = Release|Any CPU
		{AEF42671-CCBA-4303-A8DA-1C062D1D7409}.Release|ARM.ActiveCfg = Release|ARM
		{AEF42671-CCBA-4303-A8DA-1C062D1D7409}.Release|ARM.Build.0 = Release|ARM
		{AEF42671-CCBA-4303-A8DA-1C062D1D7409}.Release|ARM64.ActiveCfg = Release|ARM64
		{AEF42671-CCBA-4303-A8DA-1C062D1D7409}.Release|ARM64.Build.0 = Release|ARM64
		{AEF42671-CCBA-4303-A8DA-1C062D1D7409}.Release|x64.ActiveCfg = Release|x64
		{AEF42671-CCBA-4303-A8DA-1C062D1D7409}.Release|x64.Build.0 = Release|x64
		{AEF42671-CCBA-4303-A8DA-1C062D1D7409}.Release|x86.ActiveCfg = Release|x86
		{AEF42671-CCBA-4303-A8DA-1C062D1D7409}.Release|x86.Build.0 = Release|x86
	EndGlobalSection
	GlobalSection(SolutionProperties) = preSolution
		HideSolutionNode = FALSE
	EndGlobalSection
	GlobalSection(ExtensibilityGlobals) = postSolution
		SolutionGuid = {C461E71F-67DB-4387-AC76-DD862437B001}
	EndGlobalSection
EndGlobal
